
Microsoft Visual Studio Solution File, Format Version 12.00
# Visual Studio Version 17
VisualStudioVersion = 17.3.32825.248
MinimumVisualStudioVersion = 10.0.40219.1
Project("{FAE04EC0-301F-11D3-BF4B-00C04F79EFBC}") = "HomeWork_7_4", "HomeWork_7_4\HomeWork_7_4.csproj", "{75C96187-8B28-4B7E-946B-58CBD634D396}"
EndProject
Global
	GlobalSection(SolutionConfigurationPlatforms) = preSolution
		Debug|Any CPU = Debug|Any CPU
		Release|Any CPU = Release|Any CPU
	EndGlobalSection
	GlobalSection(ProjectConfigurationPlatforms) = postSolution
		{75C96187-8B28-4B7E-946B-58CBD634D396}.Debug|Any CPU.ActiveCfg = Debug|Any CPU
		{75C96187-8B28-4B7E-946B-58CBD634D396}.Debug|Any CPU.Build.0 = Debug|Any CPU
		{75C96187-8B28-4B7E-946B-58CBD634D396}.Release|Any CPU.ActiveCfg = Release|Any CPU
		{75C96187-8B28-4B7E-946B-58CBD634D396}.Release|Any CPU.Build.0 = Release|Any CPU
	EndGlobalSection
	GlobalSection(SolutionProperties) = preSolution
		HideSolutionNode = FALSE
	EndGlobalSection
	GlobalSection(ExtensibilityGlobals) = postSolution
		SolutionGuid = {E677647F-3F09-4387-BF36-4425C0416C86}
	EndGlobalSection
EndGlobal
